
Microsoft Visual Studio Solution File, Format Version 12.00
# Visual Studio 15
VisualStudioVersion = 15.0.28010.2026
MinimumVisualStudioVersion = 10.0.40219.1
Project("{FAE04EC0-301F-11D3-BF4B-00C04F79EFBC}") = "SantaCatarinaHomeCare", "SantaCatarinaHomeCare\SantaCatarinaHomeCare.csproj", "{A5AD7719-4BD5-45CE-9A7D-73D12A164D96}"
EndProject
Global
	GlobalSection(SolutionConfigurationPlatforms) = preSolution
		Debug|Any CPU = Debug|Any CPU
		Release|Any CPU = Release|Any CPU
	EndGlobalSection
	GlobalSection(ProjectConfigurationPlatforms) = postSolution
		{A5AD7719-4BD5-45CE-9A7D-73D12A164D96}.Debug|Any CPU.ActiveCfg = Debug|Any CPU
		{A5AD7719-4BD5-45CE-9A7D-73D12A164D96}.Debug|Any CPU.Build.0 = Debug|Any CPU
		{A5AD7719-4BD5-45CE-9A7D-73D12A164D96}.Release|Any CPU.ActiveCfg = Release|Any CPU
		{A5AD7719-4BD5-45CE-9A7D-73D12A164D96}.Release|Any CPU.Build.0 = Release|Any CPU
	EndGlobalSection
	GlobalSection(SolutionProperties) = preSolution
		HideSolutionNode = FALSE
	EndGlobalSection
	GlobalSection(ExtensibilityGlobals) = postSolution
		SolutionGuid = {C6EEB20A-15AB-474C-8DFF-0B9CD5B018D2}
	EndGlobalSection
EndGlobal
